
Microsoft Visual Studio Solution File, Format Version 12.00
# Visual Studio Version 17
VisualStudioVersion = 17.9.34701.34
MinimumVisualStudioVersion = 10.0.40219.1
Project("{FAE04EC0-301F-11D3-BF4B-00C04F79EFBC}") = "Week4Loops", "Week4Loops\Week4Loops.csproj", "{681EA866-0D44-45B6-99B3-AA1924FD667E}"
EndProject
Project("{FAE04EC0-301F-11D3-BF4B-00C04F79EFBC}") = "ForLoopSum", "ForLoopSum\ForLoopSum.csproj", "{5C01741B-744F-409C-AC84-73F2377467C2}"
EndProject
Project("{FAE04EC0-301F-11D3-BF4B-00C04F79EFBC}") = "RandomNumber", "RandomNumber\RandomNumber.csproj", "{449E06ED-BC03-4D59-A44B-5FABD17597CF}"
EndProject
Project("{FAE04EC0-301F-11D3-BF4B-00C04F79EFBC}") = "WhileLoops", "WhileLoops\WhileLoops.csproj", "{9A4DBD7D-7125-49A2-92A2-0BF71EFA3F2A}"
EndProject
Global
	GlobalSection(SolutionConfigurationPlatforms) = preSolution
		Debug|Any CPU = Debug|Any CPU
		Release|Any CPU = Release|Any CPU
	EndGlobalSection
	GlobalSection(ProjectConfigurationPlatforms) = postSolution
		{681EA866-0D44-45B6-99B3-AA1924FD667E}.Debug|Any CPU.ActiveCfg = Debug|Any CPU
		{681EA866-0D44-45B6-99B3-AA1924FD667E}.Debug|Any CPU.Build.0 = Debug|Any CPU
		{681EA866-0D44-45B6-99B3-AA1924FD667E}.Release|Any CPU.ActiveCfg = Release|Any CPU
		{681EA866-0D44-45B6-99B3-AA1924FD667E}.Release|Any CPU.Build.0 = Release|Any CPU
		{5C01741B-744F-409C-AC84-73F2377467C2}.Debug|Any CPU.ActiveCfg = Debug|Any CPU
		{5C01741B-744F-409C-AC84-73F2377467C2}.Debug|Any CPU.Build.0 = Debug|Any CPU
		{5C01741B-744F-409C-AC84-73F2377467C2}.Release|Any CPU.ActiveCfg = Release|Any CPU
		{5C01741B-744F-409C-AC84-73F2377467C2}.Release|Any CPU.Build.0 = Release|Any CPU
		{449E06ED-BC03-4D59-A44B-5FABD17597CF}.Debug|Any CPU.ActiveCfg = Debug|Any CPU
		{449E06ED-BC03-4D59-A44B-5FABD17597CF}.Debug|Any CPU.Build.0 = Debug|Any CPU
		{449E06ED-BC03-4D59-A44B-5FABD17597CF}.Release|Any CPU.ActiveCfg = Release|Any CPU
		{449E06ED-BC03-4D59-A44B-5FABD17597CF}.Release|Any CPU.Build.0 = Release|Any CPU
		{9A4DBD7D-7125-49A2-92A2-0BF71EFA3F2A}.Debug|Any CPU.ActiveCfg = Debug|Any CPU
		{9A4DBD7D-7125-49A2-92A2-0BF71EFA3F2A}.Debug|Any CPU.Build.0 = Debug|Any CPU
		{9A4DBD7D-7125-49A2-92A2-0BF71EFA3F2A}.Release|Any CPU.ActiveCfg = Release|Any CPU
		{9A4DBD7D-7125-49A2-92A2-0BF71EFA3F2A}.Release|Any CPU.Build.0 = Release|Any CPU
	EndGlobalSection
	GlobalSection(SolutionProperties) = preSolution
		HideSolutionNode = FALSE
	EndGlobalSection
	GlobalSection(ExtensibilityGlobals) = postSolution
		SolutionGuid = {30FC2CC8-F0F3-4A12-9265-F5D4BC96D814}
	EndGlobalSection
EndGlobal
